{
  "name": "redux",
  "version": "1.0.0",
  "lockfileVersion": 2,
  "requires": true,
  "packages": {
    "": {
      "version": "1.0.0",
      "license": "ISC",
      "dependencies": {
        "redux": "^4.1.0"
      }
    },
    "node_modules/@babel/runtime": {
      "version": "7.14.5",
      "resolved": "https://registry.nlark.com/@babel/runtime/download/@babel/runtime-7.14.5.tgz?cache=0&sync_timestamp=1623280455104&other_urls=https%3A%2F%2Fregistry.nlark.com%2F%40babel%2Fruntime%2Fdownload%2F%40babel%2Fruntime-7.14.5.tgz",
      "integrity": "sha1-ZlRQkRxgMa84+B21MPOH7ATNmpg=",
      "dependencies": {
        "regenerator-runtime": "^0.13.4"
      },
      "engines": {
        "node": ">=6.9.0"
      }
    },
    "node_modules/redux": {
      "version": "4.1.0",
      "resolved": "https://registry.nlark.com/redux/download/redux-4.1.0.tgz?cache=0&sync_timestamp=1619288861423&other_urls=https%3A%2F%2Fregistry.nlark.com%2Fredux%2Fdownload%2Fredux-4.1.0.tgz",
      "integrity": "sha1-6wSWefL1I8N58a/zRchhLylMiNQ=",
      "dependencies": {
        "@babel/runtime": "^7.9.2"
      }
    },
    "node_modules/regenerator-runtime": {
      "version": "0.13.7",
      "resolved": "https://registry.npm.taobao.org/regenerator-runtime/download/regenerator-runtime-0.13.7.tgz",
      "integrity": "sha1-ysLazIoepnX+qrrriugziYrkb1U="
    }
  },
  "dependencies": {
    "@babel/runtime": {
      "version": "7.14.5",
      "resolved": "https://registry.nlark.com/@babel/runtime/download/@babel/runtime-7.14.5.tgz?cache=0&sync_timestamp=1623280455104&other_urls=https%3A%2F%2Fregistry.nlark.com%2F%40babel%2Fruntime%2Fdownload%2F%40babel%2Fruntime-7.14.5.tgz",
      "integrity": "sha1-ZlRQkRxgMa84+B21MPOH7ATNmpg=",
      "requires": {
        "regenerator-runtime": "^0.13.4"
      }
    },
    "redux": {
      "version": "4.1.0",
      "resolved": "https://registry.nlark.com/redux/download/redux-4.1.0.tgz?cache=0&sync_timestamp=1619288861423&other_urls=https%3A%2F%2Fregistry.nlark.com%2Fredux%2Fdownload%2Fredux-4.1.0.tgz",
      "integrity": "sha1-6wSWefL1I8N58a/zRchhLylMiNQ=",
      "requires": {
        "@babel/runtime": "^7.9.2"
      }
    },
    "regenerator-runtime": {
      "version": "0.13.7",
      "resolved": "https://registry.npm.taobao.org/regenerator-runtime/download/regenerator-runtime-0.13.7.tgz",
      "integrity": "sha1-ysLazIoepnX+qrrriugziYrkb1U="
    }
  }
}
